
Microsoft Visual Studio Solution File, Format Version 12.00
# Visual Studio Version 16
VisualStudioVersion = 16.0.31112.23
MinimumVisualStudioVersion = 10.0.40219.1
Project("{8BC9CEB8-8B4A-11D0-8D11-00A0C91BC942}") = "Project2", "Project2\Project2.vcxproj", "{3C3ED4DE-5F8A-46A0-8583-60A67262BAB1}"
EndProject
Global
	GlobalSection(SolutionConfigurationPlatforms) = preSolution
		Debug|x64 = Debug|x64
		Debug|x86 = Debug|x86
		Release|x64 = Release|x64
		Release|x86 = Release|x86
	EndGlobalSection
	GlobalSection(ProjectConfigurationPlatforms) = postSolution
		{3C3ED4DE-5F8A-46A0-8583-60A67262BAB1}.Debug|x64.ActiveCfg = Debug|x64
		{3C3ED4DE-5F8A-46A0-8583-60A67262BAB1}.Debug|x64.Build.0 = Debug|x64
		{3C3ED4DE-5F8A-46A0-8583-60A67262BAB1}.Debug|x86.ActiveCfg = Debug|Win32
		{3C3ED4DE-5F8A-46A0-8583-60A67262BAB1}.Debug|x86.Build.0 = Debug|Win32
		{3C3ED4DE-5F8A-46A0-8583-60A67262BAB1}.Release|x64.ActiveCfg = Release|x64
		{3C3ED4DE-5F8A-46A0-8583-60A67262BAB1}.Release|x64.Build.0 = Release|x64
		{3C3ED4DE-5F8A-46A0-8583-60A67262BAB1}.Release|x86.ActiveCfg = Release|Win32
		{3C3ED4DE-5F8A-46A0-8583-60A67262BAB1}.Release|x86.Build.0 = Release|Win32
	EndGlobalSection
	GlobalSection(SolutionProperties) = preSolution
		HideSolutionNode = FALSE
	EndGlobalSection
	GlobalSection(ExtensibilityGlobals) = postSolution
		SolutionGuid = {17683D57-20E8-42D2-B139-3E079099FA3F}
	EndGlobalSection
EndGlobal
